
Microsoft Visual Studio Solution File, Format Version 12.00
# Visual Studio Version 16
VisualStudioVersion = 16.0.30907.101
MinimumVisualStudioVersion = 10.0.40219.1
Project("{FAE04EC0-301F-11D3-BF4B-00C04F79EFBC}") = "ComponentsLibrary22", "ComponentsLibrary22\ComponentsLibrary22.csproj", "{087726B8-D6F2-4679-8D9A-8C844BFD8B63}"
EndProject
Project("{FAE04EC0-301F-11D3-BF4B-00C04F79EFBC}") = "Test", "Test\Test.csproj", "{05B0E848-C4CC-4BE6-A9AB-1C82102B2EA1}"
EndProject
Global
	GlobalSection(SolutionConfigurationPlatforms) = preSolution
		Debug|Any CPU = Debug|Any CPU
		Release|Any CPU = Release|Any CPU
	EndGlobalSection
	GlobalSection(ProjectConfigurationPlatforms) = postSolution
		{087726B8-D6F2-4679-8D9A-8C844BFD8B63}.Debug|Any CPU.ActiveCfg = Debug|Any CPU
		{087726B8-D6F2-4679-8D9A-8C844BFD8B63}.Debug|Any CPU.Build.0 = Debug|Any CPU
		{087726B8-D6F2-4679-8D9A-8C844BFD8B63}.Release|Any CPU.ActiveCfg = Release|Any CPU
		{087726B8-D6F2-4679-8D9A-8C844BFD8B63}.Release|Any CPU.Build.0 = Release|Any CPU
		{05B0E848-C4CC-4BE6-A9AB-1C82102B2EA1}.Debug|Any CPU.ActiveCfg = Debug|Any CPU
		{05B0E848-C4CC-4BE6-A9AB-1C82102B2EA1}.Debug|Any CPU.Build.0 = Debug|Any CPU
		{05B0E848-C4CC-4BE6-A9AB-1C82102B2EA1}.Release|Any CPU.ActiveCfg = Release|Any CPU
		{05B0E848-C4CC-4BE6-A9AB-1C82102B2EA1}.Release|Any CPU.Build.0 = Release|Any CPU
	EndGlobalSection
	GlobalSection(SolutionProperties) = preSolution
		HideSolutionNode = FALSE
	EndGlobalSection
	GlobalSection(ExtensibilityGlobals) = postSolution
		SolutionGuid = {250649F7-6A29-4986-9C73-81B9882B4396}
	EndGlobalSection
EndGlobal
